
Microsoft Visual Studio Solution File, Format Version 12.00
# Visual Studio Version 16
VisualStudioVersion = 16.0.30011.22
MinimumVisualStudioVersion = 10.0.40219.1
Project("{9A19103F-16F7-4668-BE54-9A1E7A4F7556}") = "vds", "coderush\vds.csproj", "{1F979D77-34A5-4F0C-8803-3D52A0EEA042}"
EndProject
Global
	GlobalSection(SolutionConfigurationPlatforms) = preSolution
		Debug|Any CPU = Debug|Any CPU
		Release|Any CPU = Release|Any CPU
	EndGlobalSection
	GlobalSection(ProjectConfigurationPlatforms) = postSolution
		{1F979D77-34A5-4F0C-8803-3D52A0EEA042}.Debug|Any CPU.ActiveCfg = Debug|Any CPU
		{1F979D77-34A5-4F0C-8803-3D52A0EEA042}.Debug|Any CPU.Build.0 = Debug|Any CPU
		{1F979D77-34A5-4F0C-8803-3D52A0EEA042}.Release|Any CPU.ActiveCfg = Release|Any CPU
		{1F979D77-34A5-4F0C-8803-3D52A0EEA042}.Release|Any CPU.Build.0 = Release|Any CPU
	EndGlobalSection
	GlobalSection(SolutionProperties) = preSolution
		HideSolutionNode = FALSE
	EndGlobalSection
	GlobalSection(ExtensibilityGlobals) = postSolution
		SolutionGuid = {4B6FFBD9-D743-4914-853F-B78923819272}
	EndGlobalSection
EndGlobal
